
Microsoft Visual Studio Solution File, Format Version 12.00
# Visual Studio Version 16
VisualStudioVersion = 16.0.28803.452
MinimumVisualStudioVersion = 10.0.40219.1
Project("{2150E333-8FDC-42A3-9474-1A3956D46DE8}") = ".config", ".config", "{A53A722F-984A-4D67-B338-5EBCBB9EE9CF}"
	ProjectSection(SolutionItems) = preProject
		.editorconfig = .editorconfig
	EndProjectSection
EndProject
Project("{FAE04EC0-301F-11D3-BF4B-00C04F79EFBC}") = "FSM.Net.Standard", "FSM.Net.Standard\FSM.Net.Standard.csproj", "{D9F5286C-D459-401A-B34D-AA16AC221DF7}"
EndProject
Project("{FAE04EC0-301F-11D3-BF4B-00C04F79EFBC}") = "FSM.Net.Core.NUnitTest", "FSM.Net.Core.NUnitTest\FSM.Net.Core.NUnitTest.csproj", "{D097B43D-C70E-4E6A-8D22-E4207A71B3BA}"
EndProject
Global
	GlobalSection(SolutionConfigurationPlatforms) = preSolution
		Debug|Any CPU = Debug|Any CPU
		Release|Any CPU = Release|Any CPU
	EndGlobalSection
	GlobalSection(ProjectConfigurationPlatforms) = postSolution
		{D9F5286C-D459-401A-B34D-AA16AC221DF7}.Debug|Any CPU.ActiveCfg = Debug|Any CPU
		{D9F5286C-D459-401A-B34D-AA16AC221DF7}.Debug|Any CPU.Build.0 = Debug|Any CPU
		{D9F5286C-D459-401A-B34D-AA16AC221DF7}.Release|Any CPU.ActiveCfg = Release|Any CPU
		{D9F5286C-D459-401A-B34D-AA16AC221DF7}.Release|Any CPU.Build.0 = Release|Any CPU
		{D097B43D-C70E-4E6A-8D22-E4207A71B3BA}.Debug|Any CPU.ActiveCfg = Debug|Any CPU
		{D097B43D-C70E-4E6A-8D22-E4207A71B3BA}.Debug|Any CPU.Build.0 = Debug|Any CPU
		{D097B43D-C70E-4E6A-8D22-E4207A71B3BA}.Release|Any CPU.ActiveCfg = Release|Any CPU
		{D097B43D-C70E-4E6A-8D22-E4207A71B3BA}.Release|Any CPU.Build.0 = Release|Any CPU
	EndGlobalSection
	GlobalSection(SolutionProperties) = preSolution
		HideSolutionNode = FALSE
	EndGlobalSection
	GlobalSection(ExtensibilityGlobals) = postSolution
		SolutionGuid = {7789DFC3-3782-4DE0-B054-E86DDE16BCD1}
	EndGlobalSection
EndGlobal
